
Microsoft Visual Studio Solution File, Format Version 12.00
# Visual Studio 14
VisualStudioVersion = 14.0.24720.0
MinimumVisualStudioVersion = 10.0.40219.1
Project("{FAE04EC0-301F-11D3-BF4B-00C04F79EFBC}") = "FrameLog", "FrameLog\FrameLog.csproj", "{DC274648-2C27-4635-98A1-3101FC829057}"
EndProject
Project("{FAE04EC0-301F-11D3-BF4B-00C04F79EFBC}") = "FrameLog.Example.Demo", "FrameLog.Example.Demo\FrameLog.Example.Demo.csproj", "{3FCD4DF2-FC66-40FC-9157-B237131151A7}"
EndProject
Project("{FAE04EC0-301F-11D3-BF4B-00C04F79EFBC}") = "FrameLog.Example", "FrameLog.Example\FrameLog.Example.csproj", "{D842D620-5768-486A-8882-3589CB360AEB}"
EndProject
Project("{FAE04EC0-301F-11D3-BF4B-00C04F79EFBC}") = "FrameLog.Tests", "FrameLog.Tests\FrameLog.Tests.csproj", "{86310931-B53F-401B-97F0-0E42EF9A9BD6}"
EndProject
Project("{FAE04EC0-301F-11D3-BF4B-00C04F79EFBC}") = "Logger.Pattern", "Logger.Pattern\Logger.Pattern.csproj", "{1CA44084-9D0B-487C-92A1-A7B815E717BE}"
EndProject
Project("{FAE04EC0-301F-11D3-BF4B-00C04F79EFBC}") = "Repository.Pattern", "..\Source\Repository.Pattern\Repository.Pattern.csproj", "{6E682A14-C872-4813-B620-76E108DEA683}"
EndProject
Project("{FAE04EC0-301F-11D3-BF4B-00C04F79EFBC}") = "Repository.Pattern.Ef6", "..\Source\Repository.Pattern.Ef6\Repository.Pattern.Ef6.csproj", "{F68A1D19-93FB-47C1-A22B-42BEA3E4FD8C}"
EndProject
Project("{FAE04EC0-301F-11D3-BF4B-00C04F79EFBC}") = "Logger.Tests", "Logger.Tests\Logger.Tests.csproj", "{F7477E26-34ED-48F3-AC85-FCB5C802F563}"
EndProject
Project("{FAE04EC0-301F-11D3-BF4B-00C04F79EFBC}") = "Logger.Example", "Logger.Example\Logger.Example.csproj", "{4DAF7046-A645-4137-A8D9-74D627AD4DE0}"
EndProject
Global
	GlobalSection(SolutionConfigurationPlatforms) = preSolution
		Debug|Any CPU = Debug|Any CPU
		Debug|Mixed Platforms = Debug|Mixed Platforms
		Debug|x86 = Debug|x86
		Debug-Net451|Any CPU = Debug-Net451|Any CPU
		Debug-Net451|Mixed Platforms = Debug-Net451|Mixed Platforms
		Debug-Net451|x86 = Debug-Net451|x86
		Release|Any CPU = Release|Any CPU
		Release|Mixed Platforms = Release|Mixed Platforms
		Release|x86 = Release|x86
		Release-Net451|Any CPU = Release-Net451|Any CPU
		Release-Net451|Mixed Platforms = Release-Net451|Mixed Platforms
		Release-Net451|x86 = Release-Net451|x86
	EndGlobalSection
	GlobalSection(ProjectConfigurationPlatforms) = postSolution
		{DC274648-2C27-4635-98A1-3101FC829057}.Debug|Any CPU.ActiveCfg = Debug|Any CPU
		{DC274648-2C27-4635-98A1-3101FC829057}.Debug|Any CPU.Build.0 = Debug|Any CPU
		{DC274648-2C27-4635-98A1-3101FC829057}.Debug|Mixed Platforms.ActiveCfg = Debug|Any CPU
		{DC274648-2C27-4635-98A1-3101FC829057}.Debug|Mixed Platforms.Build.0 = Debug|Any CPU
		{DC274648-2C27-4635-98A1-3101FC829057}.Debug|x86.ActiveCfg = Debug|Any CPU
		{DC274648-2C27-4635-98A1-3101FC829057}.Debug-Net451|Any CPU.ActiveCfg = Debug-Net451|Any CPU
		{DC274648-2C27-4635-98A1-3101FC829057}.Debug-Net451|Any CPU.Build.0 = Debug-Net451|Any CPU
		{DC274648-2C27-4635-98A1-3101FC829057}.Debug-Net451|Mixed Platforms.ActiveCfg = Debug-Net451|Any CPU
		{DC274648-2C27-4635-98A1-3101FC829057}.Debug-Net451|Mixed Platforms.Build.0 = Debug-Net451|Any CPU
		{DC274648-2C27-4635-98A1-3101FC829057}.Debug-Net451|x86.ActiveCfg = Debug-Net451|Any CPU
		{DC274648-2C27-4635-98A1-3101FC829057}.Release|Any CPU.ActiveCfg = Release|Any CPU
		{DC274648-2C27-4635-98A1-3101FC829057}.Release|Any CPU.Build.0 = Release|Any CPU
		{DC274648-2C27-4635-98A1-3101FC829057}.Release|Mixed Platforms.ActiveCfg = Release|Any CPU
		{DC274648-2C27-4635-98A1-3101FC829057}.Release|Mixed Platforms.Build.0 = Release|Any CPU
		{DC274648-2C27-4635-98A1-3101FC829057}.Release|x86.ActiveCfg = Release|Any CPU
		{DC274648-2C27-4635-98A1-3101FC829057}.Release-Net451|Any CPU.ActiveCfg = Release-Net451|Any CPU
		{DC274648-2C27-4635-98A1-3101FC829057}.Release-Net451|Any CPU.Build.0 = Release-Net451|Any CPU
		{DC274648-2C27-4635-98A1-3101FC829057}.Release-Net451|Mixed Platforms.ActiveCfg = Release-Net451|Any CPU
		{DC274648-2C27-4635-98A1-3101FC829057}.Release-Net451|Mixed Platforms.Build.0 = Release-Net451|Any CPU
		{DC274648-2C27-4635-98A1-3101FC829057}.Release-Net451|x86.ActiveCfg = Release-Net451|Any CPU
		{3FCD4DF2-FC66-40FC-9157-B237131151A7}.Debug|Any CPU.ActiveCfg = Debug|x86
		{3FCD4DF2-FC66-40FC-9157-B237131151A7}.Debug|Mixed Platforms.ActiveCfg = Debug|x86
		{3FCD4DF2-FC66-40FC-9157-B237131151A7}.Debug|Mixed Platforms.Build.0 = Debug|x86
		{3FCD4DF2-FC66-40FC-9157-B237131151A7}.Debug|x86.ActiveCfg = Debug|x86
		{3FCD4DF2-FC66-40FC-9157-B237131151A7}.Debug|x86.Build.0 = Debug|x86
		{3FCD4DF2-FC66-40FC-9157-B237131151A7}.Debug-Net451|Any CPU.ActiveCfg = Debug-Net451|x86
		{3FCD4DF2-FC66-40FC-9157-B237131151A7}.Debug-Net451|Mixed Platforms.ActiveCfg = Debug-Net451|x86
		{3FCD4DF2-FC66-40FC-9157-B237131151A7}.Debug-Net451|Mixed Platforms.Build.0 = Debug-Net451|x86
		{3FCD4DF2-FC66-40FC-9157-B237131151A7}.Debug-Net451|x86.ActiveCfg = Debug-Net451|x86
		{3FCD4DF2-FC66-40FC-9157-B237131151A7}.Debug-Net451|x86.Build.0 = Debug-Net451|x86
		{3FCD4DF2-FC66-40FC-9157-B237131151A7}.Release|Any CPU.ActiveCfg = Release|x86
		{3FCD4DF2-FC66-40FC-9157-B237131151A7}.Release|Mixed Platforms.ActiveCfg = Release|x86
		{3FCD4DF2-FC66-40FC-9157-B237131151A7}.Release|Mixed Platforms.Build.0 = Release|x86
		{3FCD4DF2-FC66-40FC-9157-B237131151A7}.Release|x86.ActiveCfg = Release|x86
		{3FCD4DF2-FC66-40FC-9157-B237131151A7}.Release|x86.Build.0 = Release|x86
		{3FCD4DF2-FC66-40FC-9157-B237131151A7}.Release-Net451|Any CPU.ActiveCfg = Release-Net451|x86
		{3FCD4DF2-FC66-40FC-9157-B237131151A7}.Release-Net451|Mixed Platforms.ActiveCfg = Release-Net451|x86
		{3FCD4DF2-FC66-40FC-9157-B237131151A7}.Release-Net451|Mixed Platforms.Build.0 = Release-Net451|x86
		{3FCD4DF2-FC66-40FC-9157-B237131151A7}.Release-Net451|x86.ActiveCfg = Release-Net451|x86
		{3FCD4DF2-FC66-40FC-9157-B237131151A7}.Release-Net451|x86.Build.0 = Release-Net451|x86
		{D842D620-5768-486A-8882-3589CB360AEB}.Debug|Any CPU.ActiveCfg = Debug|Any CPU
		{D842D620-5768-486A-8882-3589CB360AEB}.Debug|Any CPU.Build.0 = Debug|Any CPU
		{D842D620-5768-486A-8882-3589CB360AEB}.Debug|Mixed Platforms.ActiveCfg = Debug|Any CPU
		{D842D620-5768-486A-8882-3589CB360AEB}.Debug|Mixed Platforms.Build.0 = Debug|Any CPU
		{D842D620-5768-486A-8882-3589CB360AEB}.Debug|x86.ActiveCfg = Debug|Any CPU
		{D842D620-5768-486A-8882-3589CB360AEB}.Debug-Net451|Any CPU.ActiveCfg = Debug-Net451|Any CPU
		{D842D620-5768-486A-8882-3589CB360AEB}.Debug-Net451|Any CPU.Build.0 = Debug-Net451|Any CPU
		{D842D620-5768-486A-8882-3589CB360AEB}.Debug-Net451|Mixed Platforms.ActiveCfg = Debug-Net451|Any CPU
		{D842D620-5768-486A-8882-3589CB360AEB}.Debug-Net451|Mixed Platforms.Build.0 = Debug-Net451|Any CPU
		{D842D620-5768-486A-8882-3589CB360AEB}.Debug-Net451|x86.ActiveCfg = Debug-Net451|Any CPU
		{D842D620-5768-486A-8882-3589CB360AEB}.Release|Any CPU.ActiveCfg = Release|Any CPU
		{D842D620-5768-486A-8882-3589CB360AEB}.Release|Any CPU.Build.0 = Release|Any CPU
		{D842D620-5768-486A-8882-3589CB360AEB}.Release|Mixed Platforms.ActiveCfg = Release|Any CPU
		{D842D620-5768-486A-8882-3589CB360AEB}.Release|Mixed Platforms.Build.0 = Release|Any CPU
		{D842D620-5768-486A-8882-3589CB360AEB}.Release|x86.ActiveCfg = Release|Any CPU
		{D842D620-5768-486A-8882-3589CB360AEB}.Release-Net451|Any CPU.ActiveCfg = Release-Net451|Any CPU
		{D842D620-5768-486A-8882-3589CB360AEB}.Release-Net451|Any CPU.Build.0 = Release-Net451|Any CPU
		{D842D620-5768-486A-8882-3589CB360AEB}.Release-Net451|Mixed Platforms.ActiveCfg = Release-Net451|Any CPU
		{D842D620-5768-486A-8882-3589CB360AEB}.Release-Net451|Mixed Platforms.Build.0 = Release-Net451|Any CPU
		{D842D620-5768-486A-8882-3589CB360AEB}.Release-Net451|x86.ActiveCfg = Release-Net451|Any CPU
		{86310931-B53F-401B-97F0-0E42EF9A9BD6}.Debug|Any CPU.ActiveCfg = Debug|Any CPU
		{86310931-B53F-401B-97F0-0E42EF9A9BD6}.Debug|Any CPU.Build.0 = Debug|Any CPU
		{86310931-B53F-401B-97F0-0E42EF9A9BD6}.Debug|Mixed Platforms.ActiveCfg = Debug|Any CPU
		{86310931-B53F-401B-97F0-0E42EF9A9BD6}.Debug|Mixed Platforms.Build.0 = Debug|Any CPU
		{86310931-B53F-401B-97F0-0E42EF9A9BD6}.Debug|x86.ActiveCfg = Debug|Any CPU
		{86310931-B53F-401B-97F0-0E42EF9A9BD6}.Debug-Net451|Any CPU.ActiveCfg = Debug-Net451|Any CPU
		{86310931-B53F-401B-97F0-0E42EF9A9BD6}.Debug-Net451|Any CPU.Build.0 = Debug-Net451|Any CPU
		{86310931-B53F-401B-97F0-0E42EF9A9BD6}.Debug-Net451|Mixed Platforms.ActiveCfg = Debug-Net451|Any CPU
		{86310931-B53F-401B-97F0-0E42EF9A9BD6}.Debug-Net451|Mixed Platforms.Build.0 = Debug-Net451|Any CPU
		{86310931-B53F-401B-97F0-0E42EF9A9BD6}.Debug-Net451|x86.ActiveCfg = Debug-Net451|Any CPU
		{86310931-B53F-401B-97F0-0E42EF9A9BD6}.Release|Any CPU.ActiveCfg = Release|Any CPU
		{86310931-B53F-401B-97F0-0E42EF9A9BD6}.Release|Any CPU.Build.0 = Release|Any CPU
		{86310931-B53F-401B-97F0-0E42EF9A9BD6}.Release|Mixed Platforms.ActiveCfg = Release|Any CPU
		{86310931-B53F-401B-97F0-0E42EF9A9BD6}.Release|Mixed Platforms.Build.0 = Release|Any CPU
		{86310931-B53F-401B-97F0-0E42EF9A9BD6}.Release|x86.ActiveCfg = Release|Any CPU
		{86310931-B53F-401B-97F0-0E42EF9A9BD6}.Release-Net451|Any CPU.ActiveCfg = Release-Net451|Any CPU
		{86310931-B53F-401B-97F0-0E42EF9A9BD6}.Release-Net451|Any CPU.Build.0 = Release-Net451|Any CPU
		{86310931-B53F-401B-97F0-0E42EF9A9BD6}.Release-Net451|Mixed Platforms.ActiveCfg = Release-Net451|Any CPU
		{86310931-B53F-401B-97F0-0E42EF9A9BD6}.Release-Net451|Mixed Platforms.Build.0 = Release-Net451|Any CPU
		{86310931-B53F-401B-97F0-0E42EF9A9BD6}.Release-Net451|x86.ActiveCfg = Release-Net451|Any CPU
		{1CA44084-9D0B-487C-92A1-A7B815E717BE}.Debug|Any CPU.ActiveCfg = Debug|Any CPU
		{1CA44084-9D0B-487C-92A1-A7B815E717BE}.Debug|Any CPU.Build.0 = Debug|Any CPU
		{1CA44084-9D0B-487C-92A1-A7B815E717BE}.Debug|Mixed Platforms.ActiveCfg = Debug|Any CPU
		{1CA44084-9D0B-487C-92A1-A7B815E717BE}.Debug|Mixed Platforms.Build.0 = Debug|Any CPU
		{1CA44084-9D0B-487C-92A1-A7B815E717BE}.Debug|x86.ActiveCfg = Debug|Any CPU
		{1CA44084-9D0B-487C-92A1-A7B815E717BE}.Debug-Net451|Any CPU.ActiveCfg = Debug|Any CPU
		{1CA44084-9D0B-487C-92A1-A7B815E717BE}.Debug-Net451|Any CPU.Build.0 = Debug|Any CPU
		{1CA44084-9D0B-487C-92A1-A7B815E717BE}.Debug-Net451|Mixed Platforms.ActiveCfg = Debug|Any CPU
		{1CA44084-9D0B-487C-92A1-A7B815E717BE}.Debug-Net451|Mixed Platforms.Build.0 = Debug|Any CPU
		{1CA44084-9D0B-487C-92A1-A7B815E717BE}.Debug-Net451|x86.ActiveCfg = Debug|Any CPU
		{1CA44084-9D0B-487C-92A1-A7B815E717BE}.Release|Any CPU.ActiveCfg = Release|Any CPU
		{1CA44084-9D0B-487C-92A1-A7B815E717BE}.Release|Any CPU.Build.0 = Release|Any CPU
		{1CA44084-9D0B-487C-92A1-A7B815E717BE}.Release|Mixed Platforms.ActiveCfg = Release|Any CPU
		{1CA44084-9D0B-487C-92A1-A7B815E717BE}.Release|Mixed Platforms.Build.0 = Release|Any CPU
		{1CA44084-9D0B-487C-92A1-A7B815E717BE}.Release|x86.ActiveCfg = Release|Any CPU
		{1CA44084-9D0B-487C-92A1-A7B815E717BE}.Release-Net451|Any CPU.ActiveCfg = Release|Any CPU
		{1CA44084-9D0B-487C-92A1-A7B815E717BE}.Release-Net451|Any CPU.Build.0 = Release|Any CPU
		{1CA44084-9D0B-487C-92A1-A7B815E717BE}.Release-Net451|Mixed Platforms.ActiveCfg = Release|Any CPU
		{1CA44084-9D0B-487C-92A1-A7B815E717BE}.Release-Net451|Mixed Platforms.Build.0 = Release|Any CPU
		{1CA44084-9D0B-487C-92A1-A7B815E717BE}.Release-Net451|x86.ActiveCfg = Release|Any CPU
		{6E682A14-C872-4813-B620-76E108DEA683}.Debug|Any CPU.ActiveCfg = Debug|Any CPU
		{6E682A14-C872-4813-B620-76E108DEA683}.Debug|Any CPU.Build.0 = Debug|Any CPU
		{6E682A14-C872-4813-B620-76E108DEA683}.Debug|Mixed Platforms.ActiveCfg = Debug|x86
		{6E682A14-C872-4813-B620-76E108DEA683}.Debug|Mixed Platforms.Build.0 = Debug|x86
		{6E682A14-C872-4813-B620-76E108DEA683}.Debug|x86.ActiveCfg = Debug|x86
		{6E682A14-C872-4813-B620-76E108DEA683}.Debug|x86.Build.0 = Debug|x86
		{6E682A14-C872-4813-B620-76E108DEA683}.Debug-Net451|Any CPU.ActiveCfg = Debug|Any CPU
		{6E682A14-C872-4813-B620-76E108DEA683}.Debug-Net451|Any CPU.Build.0 = Debug|Any CPU
		{6E682A14-C872-4813-B620-76E108DEA683}.Debug-Net451|Mixed Platforms.ActiveCfg = Debug|x86
		{6E682A14-C872-4813-B620-76E108DEA683}.Debug-Net451|Mixed Platforms.Build.0 = Debug|x86
		{6E682A14-C872-4813-B620-76E108DEA683}.Debug-Net451|x86.ActiveCfg = Debug|x86
		{6E682A14-C872-4813-B620-76E108DEA683}.Debug-Net451|x86.Build.0 = Debug|x86
		{6E682A14-C872-4813-B620-76E108DEA683}.Release|Any CPU.ActiveCfg = Release|Any CPU
		{6E682A14-C872-4813-B620-76E108DEA683}.Release|Any CPU.Build.0 = Release|Any CPU
		{6E682A14-C872-4813-B620-76E108DEA683}.Release|Mixed Platforms.ActiveCfg = Release|x86
		{6E682A14-C872-4813-B620-76E108DEA683}.Release|Mixed Platforms.Build.0 = Release|x86
		{6E682A14-C872-4813-B620-76E108DEA683}.Release|x86.ActiveCfg = Release|x86
		{6E682A14-C872-4813-B620-76E108DEA683}.Release|x86.Build.0 = Release|x86
		{6E682A14-C872-4813-B620-76E108DEA683}.Release-Net451|Any CPU.ActiveCfg = Release|Any CPU
		{6E682A14-C872-4813-B620-76E108DEA683}.Release-Net451|Any CPU.Build.0 = Release|Any CPU
		{6E682A14-C872-4813-B620-76E108DEA683}.Release-Net451|Mixed Platforms.ActiveCfg = Release|x86
		{6E682A14-C872-4813-B620-76E108DEA683}.Release-Net451|Mixed Platforms.Build.0 = Release|x86
		{6E682A14-C872-4813-B620-76E108DEA683}.Release-Net451|x86.ActiveCfg = Release|x86
		{6E682A14-C872-4813-B620-76E108DEA683}.Release-Net451|x86.Build.0 = Release|x86
		{F68A1D19-93FB-47C1-A22B-42BEA3E4FD8C}.Debug|Any CPU.ActiveCfg = Debug|Any CPU
		{F68A1D19-93FB-47C1-A22B-42BEA3E4FD8C}.Debug|Any CPU.Build.0 = Debug|Any CPU
		{F68A1D19-93FB-47C1-A22B-42BEA3E4FD8C}.Debug|Mixed Platforms.ActiveCfg = Debug|Any CPU
		{F68A1D19-93FB-47C1-A22B-42BEA3E4FD8C}.Debug|Mixed Platforms.Build.0 = Debug|Any CPU
		{F68A1D19-93FB-47C1-A22B-42BEA3E4FD8C}.Debug|x86.ActiveCfg = Debug|Any CPU
		{F68A1D19-93FB-47C1-A22B-42BEA3E4FD8C}.Debug|x86.Build.0 = Debug|Any CPU
		{F68A1D19-93FB-47C1-A22B-42BEA3E4FD8C}.Debug-Net451|Any CPU.ActiveCfg = Debug|Any CPU
		{F68A1D19-93FB-47C1-A22B-42BEA3E4FD8C}.Debug-Net451|Any CPU.Build.0 = Debug|Any CPU
		{F68A1D19-93FB-47C1-A22B-42BEA3E4FD8C}.Debug-Net451|Mixed Platforms.ActiveCfg = Debug|Any CPU
		{F68A1D19-93FB-47C1-A22B-42BEA3E4FD8C}.Debug-Net451|Mixed Platforms.Build.0 = Debug|Any CPU
		{F68A1D19-93FB-47C1-A22B-42BEA3E4FD8C}.Debug-Net451|x86.ActiveCfg = Debug|Any CPU
		{F68A1D19-93FB-47C1-A22B-42BEA3E4FD8C}.Debug-Net451|x86.Build.0 = Debug|Any CPU
		{F68A1D19-93FB-47C1-A22B-42BEA3E4FD8C}.Release|Any CPU.ActiveCfg = Release|Any CPU
		{F68A1D19-93FB-47C1-A22B-42BEA3E4FD8C}.Release|Any CPU.Build.0 = Release|Any CPU
		{F68A1D19-93FB-47C1-A22B-42BEA3E4FD8C}.Release|Mixed Platforms.ActiveCfg = Release|Any CPU
		{F68A1D19-93FB-47C1-A22B-42BEA3E4FD8C}.Release|Mixed Platforms.Build.0 = Release|Any CPU
		{F68A1D19-93FB-47C1-A22B-42BEA3E4FD8C}.Release|x86.ActiveCfg = Release|Any CPU
		{F68A1D19-93FB-47C1-A22B-42BEA3E4FD8C}.Release|x86.Build.0 = Release|Any CPU
		{F68A1D19-93FB-47C1-A22B-42BEA3E4FD8C}.Release-Net451|Any CPU.ActiveCfg = Release|Any CPU
		{F68A1D19-93FB-47C1-A22B-42BEA3E4FD8C}.Release-Net451|Any CPU.Build.0 = Release|Any CPU
		{F68A1D19-93FB-47C1-A22B-42BEA3E4FD8C}.Release-Net451|Mixed Platforms.ActiveCfg = Release|Any CPU
		{F68A1D19-93FB-47C1-A22B-42BEA3E4FD8C}.Release-Net451|Mixed Platforms.Build.0 = Release|Any CPU
		{F68A1D19-93FB-47C1-A22B-42BEA3E4FD8C}.Release-Net451|x86.ActiveCfg = Release|Any CPU
		{F68A1D19-93FB-47C1-A22B-42BEA3E4FD8C}.Release-Net451|x86.Build.0 = Release|Any CPU
		{F7477E26-34ED-48F3-AC85-FCB5C802F563}.Debug|Any CPU.ActiveCfg = Debug|Any CPU
		{F7477E26-34ED-48F3-AC85-FCB5C802F563}.Debug|Any CPU.Build.0 = Debug|Any CPU
		{F7477E26-34ED-48F3-AC85-FCB5C802F563}.Debug|Mixed Platforms.ActiveCfg = Debug|Any CPU
		{F7477E26-34ED-48F3-AC85-FCB5C802F563}.Debug|Mixed Platforms.Build.0 = Debug|Any CPU
		{F7477E26-34ED-48F3-AC85-FCB5C802F563}.Debug|x86.ActiveCfg = Debug|Any CPU
		{F7477E26-34ED-48F3-AC85-FCB5C802F563}.Debug|x86.Build.0 = Debug|Any CPU
		{F7477E26-34ED-48F3-AC85-FCB5C802F563}.Debug-Net451|Any CPU.ActiveCfg = Debug|Any CPU
		{F7477E26-34ED-48F3-AC85-FCB5C802F563}.Debug-Net451|Any CPU.Build.0 = Debug|Any CPU
		{F7477E26-34ED-48F3-AC85-FCB5C802F563}.Debug-Net451|Mixed Platforms.ActiveCfg = Debug|Any CPU
		{F7477E26-34ED-48F3-AC85-FCB5C802F563}.Debug-Net451|Mixed Platforms.Build.0 = Debug|Any CPU
		{F7477E26-34ED-48F3-AC85-FCB5C802F563}.Debug-Net451|x86.ActiveCfg = Debug|Any CPU
		{F7477E26-34ED-48F3-AC85-FCB5C802F563}.Debug-Net451|x86.Build.0 = Debug|Any CPU
		{F7477E26-34ED-48F3-AC85-FCB5C802F563}.Release|Any CPU.ActiveCfg = Release|Any CPU
		{F7477E26-34ED-48F3-AC85-FCB5C802F563}.Release|Any CPU.Build.0 = Release|Any CPU
		{F7477E26-34ED-48F3-AC85-FCB5C802F563}.Release|Mixed Platforms.ActiveCfg = Release|Any CPU
		{F7477E26-34ED-48F3-AC85-FCB5C802F563}.Release|Mixed Platforms.Build.0 = Release|Any CPU
		{F7477E26-34ED-48F3-AC85-FCB5C802F563}.Release|x86.ActiveCfg = Release|Any CPU
		{F7477E26-34ED-48F3-AC85-FCB5C802F563}.Release|x86.Build.0 = Release|Any CPU
		{F7477E26-34ED-48F3-AC85-FCB5C802F563}.Release-Net451|Any CPU.ActiveCfg = Release|Any CPU
		{F7477E26-34ED-48F3-AC85-FCB5C802F563}.Release-Net451|Any CPU.Build.0 = Release|Any CPU
		{F7477E26-34ED-48F3-AC85-FCB5C802F563}.Release-Net451|Mixed Platforms.ActiveCfg = Release|Any CPU
		{F7477E26-34ED-48F3-AC85-FCB5C802F563}.Release-Net451|Mixed Platforms.Build.0 = Release|Any CPU
		{F7477E26-34ED-48F3-AC85-FCB5C802F563}.Release-Net451|x86.ActiveCfg = Release|Any CPU
		{F7477E26-34ED-48F3-AC85-FCB5C802F563}.Release-Net451|x86.Build.0 = Release|Any CPU
		{4DAF7046-A645-4137-A8D9-74D627AD4DE0}.Debug|Any CPU.ActiveCfg = Debug|Any CPU
		{4DAF7046-A645-4137-A8D9-74D627AD4DE0}.Debug|Any CPU.Build.0 = Debug|Any CPU
		{4DAF7046-A645-4137-A8D9-74D627AD4DE0}.Debug|Mixed Platforms.ActiveCfg = Debug|Any CPU
		{4DAF7046-A645-4137-A8D9-74D627AD4DE0}.Debug|Mixed Platforms.Build.0 = Debug|Any CPU
		{4DAF7046-A645-4137-A8D9-74D627AD4DE0}.Debug|x86.ActiveCfg = Debug|Any CPU
		{4DAF7046-A645-4137-A8D9-74D627AD4DE0}.Debug|x86.Build.0 = Debug|Any CPU
		{4DAF7046-A645-4137-A8D9-74D627AD4DE0}.Debug-Net451|Any CPU.ActiveCfg = Debug|Any CPU
		{4DAF7046-A645-4137-A8D9-74D627AD4DE0}.Debug-Net451|Any CPU.Build.0 = Debug|Any CPU
		{4DAF7046-A645-4137-A8D9-74D627AD4DE0}.Debug-Net451|Mixed Platforms.ActiveCfg = Debug|Any CPU
		{4DAF7046-A645-4137-A8D9-74D627AD4DE0}.Debug-Net451|Mixed Platforms.Build.0 = Debug|Any CPU
		{4DAF7046-A645-4137-A8D9-74D627AD4DE0}.Debug-Net451|x86.ActiveCfg = Debug|Any CPU
		{4DAF7046-A645-4137-A8D9-74D627AD4DE0}.Debug-Net451|x86.Build.0 = Debug|Any CPU
		{4DAF7046-A645-4137-A8D9-74D627AD4DE0}.Release|Any CPU.ActiveCfg = Release|Any CPU
		{4DAF7046-A645-4137-A8D9-74D627AD4DE0}.Release|Any CPU.Build.0 = Release|Any CPU
		{4DAF7046-A645-4137-A8D9-74D627AD4DE0}.Release|Mixed Platforms.ActiveCfg = Release|Any CPU
		{4DAF7046-A645-4137-A8D9-74D627AD4DE0}.Release|Mixed Platforms.Build.0 = Release|Any CPU
		{4DAF7046-A645-4137-A8D9-74D627AD4DE0}.Release|x86.ActiveCfg = Release|Any CPU
		{4DAF7046-A645-4137-A8D9-74D627AD4DE0}.Release|x86.Build.0 = Release|Any CPU
		{4DAF7046-A645-4137-A8D9-74D627AD4DE0}.Release-Net451|Any CPU.ActiveCfg = Release|Any CPU
		{4DAF7046-A645-4137-A8D9-74D627AD4DE0}.Release-Net451|Any CPU.Build.0 = Release|Any CPU
		{4DAF7046-A645-4137-A8D9-74D627AD4DE0}.Release-Net451|Mixed Platforms.ActiveCfg = Release|Any CPU
		{4DAF7046-A645-4137-A8D9-74D627AD4DE0}.Release-Net451|Mixed Platforms.Build.0 = Release|Any CPU
		{4DAF7046-A645-4137-A8D9-74D627AD4DE0}.Release-Net451|x86.ActiveCfg = Release|Any CPU
		{4DAF7046-A645-4137-A8D9-74D627AD4DE0}.Release-Net451|x86.Build.0 = Release|Any CPU
	EndGlobalSection
	GlobalSection(SolutionProperties) = preSolution
		HideSolutionNode = FALSE
	EndGlobalSection
EndGlobal
